// !$*UTF8*$!
{
	archiveVersion = 1;
	classes = {
	};
	objectVersion = 46;
	objects = {

/* Begin PBXBuildFile section */
		83EB177E1F4EE67E001207ED /* main.m in Sources */ = {isa = PBXBuildFile; fileRef = 83EB177D1F4EE67E001207ED /* main.m */; };
		83EB17811F4EE67E001207ED /* AppDelegate.m in Sources */ = {isa = PBXBuildFile; fileRef = 83EB17801F4EE67E001207ED /* AppDelegate.m */; };
		83EB17841F4EE67E001207ED /* ViewController.m in Sources */ = {isa = PBXBuildFile; fileRef = 83EB17831F4EE67E001207ED /* ViewController.m */; };
		83EB17871F4EE67E001207ED /* Main.storyboard in Resources */ = {isa = PBXBuildFile; fileRef = 83EB17851F4EE67E001207ED /* Main.storyboard */; };
		83EB17891F4EE67E001207ED /* Assets.xcassets in Resources */ = {isa = PBXBuildFile; fileRef = 83EB17881F4EE67E001207ED /* Assets.xcassets */; };
		83EB178C1F4EE67E001207ED /* LaunchScreen.storyboard in Resources */ = {isa = PBXBuildFile; fileRef = 83EB178A1F4EE67E001207ED /* LaunchScreen.storyboard */; };
/* End PBXBuildFile section */

/* Begin PBXFileReference section */
		83EB17791F4EE67E001207ED /* OBAKit.app */ = {isa = PBXFileReference; explicitFileType = wrapper.application; includeInIndex = 0; path = OBAKit.app; sourceTree = BUILT_PRODUCTS_DIR; };
		83EB177D1F4EE67E001207ED /* main.m */ = {isa = PBXFileReference; lastKnownFileType = sourcecode.c.objc; path = main.m; sourceTree = "<group>"; };
		83EB177F1F4EE67E001207ED /* AppDelegate.h */ = {isa = PBXFileReference; lastKnownFileType = sourcecode.c.h; path = AppDelegate.h; sourceTree = "<group>"; };
		83EB17801F4EE67E001207ED /* AppDelegate.m */ = {isa = PBXFileReference; lastKnownFileType = sourcecode.c.objc; path = AppDelegate.m; sourceTree = "<group>"; };
		83EB17821F4EE67E001207ED /* ViewController.h */ = {isa = PBXFileReference; lastKnownFileType = sourcecode.c.h; path = ViewController.h; sourceTree = "<group>"; };
		83EB17831F4EE67E001207ED /* ViewController.m */ = {isa = PBXFileReference; lastKnownFileType = sourcecode.c.objc; path = ViewController.m; sourceTree = "<group>"; };
		83EB17861F4EE67E001207ED /* Base */ = {isa = PBXFileReference; lastKnownFileType = file.storyboard; name = Base; path = Base.lproj/Main.storyboard; sourceTree = "<group>"; };
		83EB17881F4EE67E001207ED /* Assets.xcassets */ = {isa = PBXFileReference; lastKnownFileType = folder.assetcatalog; path = Assets.xcassets; sourceTree = "<group>"; };
		83EB178B1F4EE67E001207ED /* Base */ = {isa = PBXFileReference; lastKnownFileType = file.storyboard; name = Base; path = Base.lproj/LaunchScreen.storyboard; sourceTree = "<group>"; };
		83EB178D1F4EE67E001207ED /* Info.plist */ = {isa = PBXFileReference; lastKnownFileType = text.plist.xml; path = Info.plist; sourceTree = "<group>"; };
/* End PBXFileReference section */

/* Begin PBXFrameworksBuildPhase section */
		83EB17761F4EE67E001207ED /* Frameworks */ = {
			isa = PBXFrameworksBuildPhase;
			buildActionMask = 2147483647;
			files = (
			);
			runOnlyForDeploymentPostprocessing = 0;
		};
/* End PBXFrameworksBuildPhase section */

/* Begin PBXGroup section */
		83694DC61F4EE7FA0062E60E /* Classes */ = {
			isa = PBXGroup;
			children = (
			);
			path = Classes;
			sourceTree = "<group>";
		};
		83EB17701F4EE67E001207ED = {
			isa = PBXGroup;
			children = (
				83EB177B1F4EE67E001207ED /* OBAKit */,
				83EB177A1F4EE67E001207ED /* Products */,
			);
			sourceTree = "<group>";
		};
		83EB177A1F4EE67E001207ED /* Products */ = {
			isa = PBXGroup;
			children = (
				83EB17791F4EE67E001207ED /* OBAKit.app */,
			);
			name = Products;
			sourceTree = "<group>";
		};
		83EB177B1F4EE67E001207ED /* OBAKit */ = {
			isa = PBXGroup;
			children = (
				83694DC61F4EE7FA0062E60E /* Classes */,
				83EB177F1F4EE67E001207ED /* AppDelegate.h */,
				83EB17801F4EE67E001207ED /* AppDelegate.m */,
				83EB17821F4EE67E001207ED /* ViewController.h */,
				83EB17831F4EE67E001207ED /* ViewController.m */,
				83EB17851F4EE67E001207ED /* Main.storyboard */,
				83EB17881F4EE67E001207ED /* Assets.xcassets */,
				83EB178A1F4EE67E001207ED /* LaunchScreen.storyboard */,
				83EB178D1F4EE67E001207ED /* Info.plist */,
				83EB177C1F4EE67E001207ED /* Supporting Files */,
			);
			path = OBAKit;
			sourceTree = "<group>";
		};
		83EB177C1F4EE67E001207ED /* Supporting Files */ = {
			isa = PBXGroup;
			children = (
				83EB177D1F4EE67E001207ED /* main.m */,
			);
			name = "Supporting Files";
			sourceTree = "<group>";
		};
/* End PBXGroup section */

/* Begin PBXNativeTarget section */
		83EB17781F4EE67E001207ED /* OBAKit */ = {
			isa = PBXNativeTarget;
			buildConfigurationList = 83EB17901F4EE67E001207ED /* Build configuration list for PBXNativeTarget "OBAKit" */;
			buildPhases = (
				83EB17751F4EE67E001207ED /* Sources */,
				83EB17761F4EE67E001207ED /* Frameworks */,
				83EB17771F4EE67E001207ED /* Resources */,
			);
			buildRules = (
			);
			dependencies = (
			);
			name = OBAKit;
			productName = OBAKit;
			productReference = 83EB17791F4EE67E001207ED /* OBAKit.app */;
			productType = "com.apple.product-type.application";
		};
/* End PBXNativeTarget section */

/* Begin PBXProject section */
		83EB17711F4EE67E001207ED /* Project object */ = {
			isa = PBXProject;
			attributes = {
				LastUpgradeCheck = 0830;
				ORGANIZATIONNAME = leeqb;
				TargetAttributes = {
					83EB17781F4EE67E001207ED = {
						CreatedOnToolsVersion = 8.3.3;
						DevelopmentTeam = F53JHE85R7;
						ProvisioningStyle = Automatic;
					};
				};
			};
			buildConfigurationList = 83EB17741F4EE67E001207ED /* Build configuration list for PBXProject "OBAKit" */;
			compatibilityVersion = "Xcode 3.2";
			developmentRegion = English;
			hasScannedForEncodings = 0;
			knownRegions = (
				en,
				Base,
			);
			mainGroup = 83EB17701F4EE67E001207ED;
			productRefGroup = 83EB177A1F4EE67E001207ED /* Products */;
			projectDirPath = "";
			projectRoot = "";
			targets = (
				83EB17781F4EE67E001207ED /* OBAKit */,
			);
		};
/* End PBXProject section */

/* Begin PBXResourcesBuildPhase section */
		83EB17771F4EE67E001207ED /* Resources */ = {
			isa = PBXResourcesBuildPhase;
			buildActionMask = 2147483647;
			files = (
				83EB178C1F4EE67E001207ED /* LaunchScreen.storyboard in Resources */,
				83EB17891F4EE67E001207ED /* Assets.xcassets in Resources */,
				83EB17871F4EE67E001207ED /* Main.storyboard in Resources */,
			);
			runOnlyForDeploymentPostprocessing = 0;
		};
/* End PBXResourcesBuildPhase section */

/* Begin PBXSourcesBuildPhase section */
		83EB17751F4EE67E001207ED /* Sources */ = {
			isa = PBXSourcesBuildPhase;
			buildActionMask = 2147483647;
			files = (
				83EB17841F4EE67E001207ED /* ViewController.m in Sources */,
				83EB17811F4EE67E001207ED /* AppDelegate.m in Sources */,
				83EB177E1F4EE67E001207ED /* main.m in Sources */,
			);
			runOnlyForDeploymentPostprocessing = 0;
		};
/* End PBXSourcesBuildPhase section */

/* Begin PBXVariantGroup section */
		83EB17851F4EE67E001207ED /* Main.storyboard */ = {
			isa = PBXVariantGroup;
			children = (
				83EB17861F4EE67E001207ED /* Base */,
			);
			name = Main.storyboard;
			sourceTree = "<group>";
		};
		83EB178A1F4EE67E001207ED /* LaunchScreen.storyboard */ = {
			isa = PBXVariantGroup;
			children = (
				83EB178B1F4EE67E001207ED /* Base */,
			);
			name = LaunchScreen.storyboard;
			sourceTree = "<group>";
		};
/* End PBXVariantGroup section */

/* Begin XCBuildConfiguration section */
		83EB178E1F4EE67E001207ED /* Debug */ = {
			isa = XCBuildConfiguration;
			buildSettings = {
				ALWAYS_SEARCH_USER_PATHS = NO;
				CLANG_ANALYZER_NONNULL = YES;
				CLANG_ANALYZER_NUMBER_OBJECT_CONVERSION = YES_AGGRESSIVE;
				CLANG_CXX_LANGUAGE_STANDARD = "gnu++0x";
				CLANG_CXX_LIBRARY = "libc++";
				CLANG_ENABLE_MODULES = YES;
				CLANG_ENABLE_OBJC_ARC = YES;
				CLANG_WARN_BOOL_CONVERSION = YES;
				CLANG_WARN_CONSTANT_CONVERSION = YES;
				CLANG_WARN_DIRECT_OBJC_ISA_USAGE = YES_ERROR;
				CLANG_WARN_DOCUMENTATION_COMMENTS = YES;
				CLANG_WARN_EMPTY_BODY = YES;
				CLANG_WARN_ENUM_CONVERSION = YES;
				CLANG_WARN_INFINITE_RECURSION = YES;
				CLANG_WARN_INT_CONVERSION = YES;
				CLANG_WARN_OBJC_ROOT_CLASS = YES_ERROR;
				CLANG_WARN_SUSPICIOUS_MOVE = YES;
				CLANG_WARN_UNREACHABLE_CODE = YES;
				CLANG_WARN__DUPLICATE_METHOD_MATCH = YES;
				"CODE_SIGN_IDENTITY[sdk=iphoneos*]" = "iPhone Developer";
				COPY_PHASE_STRIP = NO;
				DEBUG_INFORMATION_FORMAT = dwarf;
				ENABLE_STRICT_OBJC_MSGSEND = YES;
				ENABLE_TESTABILITY = YES;
				GCC_C_LANGUAGE_STANDARD = gnu99;
				GCC_DYNAMIC_NO_PIC = NO;
				GCC_NO_COMMON_BLOCKS = YES;
				GCC_OPTIMIZATION_LEVEL = 0;
				GCC_PREPROCESSOR_DEFINITIONS = (
					"DEBUG=1",
					"$(inherited)",
				);
				GCC_WARN_64_TO_32_BIT_CONVERSION = YES;
				GCC_WARN_ABOUT_RETURN_TYPE = YES_ERROR;
				GCC_WARN_UNDECLARED_SELECTOR = YES;
				GCC_WARN_UNINITIALIZED_AUTOS = YES_AGGRESSIVE;
				GCC_WARN_UNUSED_FUNCTION = YES;
				GCC_WARN_UNUSED_VARIABLE = YES;
				IPHONEOS_DEPLOYMENT_TARGET = 10.3;
				MTL_ENABLE_DEBUG_INFO = YES;
				ONLY_ACTIVE_ARCH = YES;
				SDKROOT = iphoneos;
			};
			name = Debug;
		};
		83EB178F1F4EE67E001207ED /* Release */ = {
			isa = XCBuildConfiguration;
			buildSettings = {
				ALWAYS_SEARCH_USER_PATHS = NO;
				CLANG_ANALYZER_NONNULL = YES;
				CLANG_ANALYZER_NUMBER_OBJECT_CONVERSION = YES_AGGRESSIVE;
				CLANG_CXX_LANGUAGE_STANDARD = "gnu++0x";
				CLANG_CXX_LIBRARY = "libc++";
				CLANG_ENABLE_MODULES = YES;
				CLANG_ENABLE_OBJC_ARC = YES;
				CLANG_WARN_BOOL_CONVERSION = YES;
				CLANG_WARN_CONSTANT_CONVERSION = YES;
				CLANG_WARN_DIRECT_OBJC_ISA_USAGE = YES_ERROR;
				CLANG_WARN_DOCUMENTATION_COMMENTS = YES;
				CLANG_WARN_EMPTY_BODY = YES;
				CLANG_WARN_ENUM_CONVERSION = YES;
				CLANG_WARN_INFINITE_RECURSION = YES;
				CLANG_WARN_INT_CONVERSION = YES;
				CLANG_WARN_OBJC_ROOT_CLASS = YES_ERROR;
				CLANG_WARN_SUSPICIOUS_MOVE = YES;
				CLANG_WARN_UNREACHABLE_CODE = YES;
				CLANG_WARN__DUPLICATE_METHOD_MATCH = YES;
				"CODE_SIGN_IDENTITY[sdk=iphoneos*]" = "iPhone Developer";
				COPY_PHASE_STRIP = NO;
				DEBUG_INFORMATION_FORMAT = "dwarf-with-dsym";
				ENABLE_NS_ASSERTIONS = NO;
				ENABLE_STRICT_OBJC_MSGSEND = YES;
				GCC_C_LANGUAGE_STANDARD = gnu99;
				GCC_NO_COMMON_BLOCKS = YES;
				GCC_WARN_64_TO_32_BIT_CONVERSION = YES;
				GCC_WARN_ABOUT_RETURN_TYPE = YES_ERROR;
				GCC_WARN_UNDECLARED_SELECTOR = YES;
				GCC_WARN_UNINITIALIZED_AUTOS = YES_AGGRESSIVE;
				GCC_WARN_UNUSED_FUNCTION = YES;
				GCC_WARN_UNUSED_VARIABLE = YES;
				IPHONEOS_DEPLOYMENT_TARGET = 10.3;
				MTL_ENABLE_DEBUG_INFO = NO;
				SDKROOT = iphoneos;
				VALIDATE_PRODUCT = YES;
			};
			name = Release;
		};
		83EB17911F4EE67E001207ED /* Debug */ = {
			isa = XCBuildConfiguration;
			buildSettings = {
				ASSETCATALOG_COMPILER_APPICON_NAME = AppIcon;
				DEVELOPMENT_TEAM = F53JHE85R7;
				INFOPLIST_FILE = OBAKit/Info.plist;
				LD_RUNPATH_SEARCH_PATHS = "$(inherited) @executable_path/Frameworks";
				PRODUCT_BUNDLE_IDENTIFIER = com.oba.OBAKit;
				PRODUCT_NAME = "$(TARGET_NAME)";
			};
			name = Debug;
		};
		83EB17921F4EE67E001207ED /* Release */ = {
			isa = XCBuildConfiguration;
			buildSettings = {
				ASSETCATALOG_COMPILER_APPICON_NAME = AppIcon;
				DEVELOPMENT_TEAM = F53JHE85R7;
				INFOPLIST_FILE = OBAKit/Info.plist;
				LD_RUNPATH_SEARCH_PATHS = "$(inherited) @executable_path/Frameworks";
				PRODUCT_BUNDLE_IDENTIFIER = com.oba.OBAKit;
				PRODUCT_NAME = "$(TARGET_NAME)";
			};
			name = Release;
		};
/* End XCBuildConfiguration section */

/* Begin XCConfigurationList section */
		83EB17741F4EE67E001207ED /* Build configuration list for PBXProject "OBAKit" */ = {
			isa = XCConfigurationList;
			buildConfigurations = (
				83EB178E1F4EE67E001207ED /* Debug */,
				83EB178F1F4EE67E001207ED /* Release */,
			);
			defaultConfigurationIsVisible = 0;
			defaultConfigurationName = Release;
		};
		83EB17901F4EE67E001207ED /* Build configuration list for PBXNativeTarget "OBAKit" */ = {
			isa = XCConfigurationList;
			buildConfigurations = (
				83EB17911F4EE67E001207ED /* Debug */,
				83EB17921F4EE67E001207ED /* Release */,
			);
			defaultConfigurationIsVisible = 0;
			defaultConfigurationName = Release;
		};
/* End XCConfigurationList section */
	};
	rootObject = 83EB17711F4EE67E001207ED /* Project object */;
}
